
Microsoft Visual Studio Solution File, Format Version 12.00
# Visual Studio Version 17
VisualStudioVersion = 17.7.34031.279
MinimumVisualStudioVersion = 10.0.40219.1
Project("{8BC9CEB8-8B4A-11D0-8D11-00A0C91BC942}") = "Lab_05_3", "Lab_05_3\Lab_05_3.vcxproj", "{FB50C143-63F3-4915-A2C6-9EDD36E45B9D}"
EndProject
Project("{8BC9CEB8-8B4A-11D0-8D11-00A0C91BC942}") = "UnitTest", "UnitTest\UnitTest.vcxproj", "{E6A6D600-1FFC-4960-B6DA-FCE6B0A3964E}"
EndProject
Global
	GlobalSection(SolutionConfigurationPlatforms) = preSolution
		Debug|x64 = Debug|x64
		Debug|x86 = Debug|x86
		Release|x64 = Release|x64
		Release|x86 = Release|x86
	EndGlobalSection
	GlobalSection(ProjectConfigurationPlatforms) = postSolution
		{FB50C143-63F3-4915-A2C6-9EDD36E45B9D}.Debug|x64.ActiveCfg = Debug|x64
		{FB50C143-63F3-4915-A2C6-9EDD36E45B9D}.Debug|x64.Build.0 = Debug|x64
		{FB50C143-63F3-4915-A2C6-9EDD36E45B9D}.Debug|x86.ActiveCfg = Debug|Win32
		{FB50C143-63F3-4915-A2C6-9EDD36E45B9D}.Debug|x86.Build.0 = Debug|Win32
		{FB50C143-63F3-4915-A2C6-9EDD36E45B9D}.Release|x64.ActiveCfg = Release|x64
		{FB50C143-63F3-4915-A2C6-9EDD36E45B9D}.Release|x64.Build.0 = Release|x64
		{FB50C143-63F3-4915-A2C6-9EDD36E45B9D}.Release|x86.ActiveCfg = Release|Win32
		{FB50C143-63F3-4915-A2C6-9EDD36E45B9D}.Release|x86.Build.0 = Release|Win32
		{E6A6D600-1FFC-4960-B6DA-FCE6B0A3964E}.Debug|x64.ActiveCfg = Debug|x64
		{E6A6D600-1FFC-4960-B6DA-FCE6B0A3964E}.Debug|x64.Build.0 = Debug|x64
		{E6A6D600-1FFC-4960-B6DA-FCE6B0A3964E}.Debug|x86.ActiveCfg = Debug|Win32
		{E6A6D600-1FFC-4960-B6DA-FCE6B0A3964E}.Debug|x86.Build.0 = Debug|Win32
		{E6A6D600-1FFC-4960-B6DA-FCE6B0A3964E}.Release|x64.ActiveCfg = Release|x64
		{E6A6D600-1FFC-4960-B6DA-FCE6B0A3964E}.Release|x64.Build.0 = Release|x64
		{E6A6D600-1FFC-4960-B6DA-FCE6B0A3964E}.Release|x86.ActiveCfg = Release|Win32
		{E6A6D600-1FFC-4960-B6DA-FCE6B0A3964E}.Release|x86.Build.0 = Release|Win32
	EndGlobalSection
	GlobalSection(SolutionProperties) = preSolution
		HideSolutionNode = FALSE
	EndGlobalSection
	GlobalSection(ExtensibilityGlobals) = postSolution
		SolutionGuid = {1E1A2F3A-1C21-4509-B8FD-AB691DCD0500}
	EndGlobalSection
EndGlobal
